{"is_source_file": false, "format": "", "description": "", "external_files": [], "external_methods": [], "published": [], "classes": [], "methods": [], "calls": [], "search-terms": [], "state": 2, "file_id": 11, "knowledge_revision": 29, "git_revision": "e671d2134b0a727bc90bf0c6a657bba47ba178b6", "hash": "9c4ed7ef73e22b872b8055bec08b8979", "format-version": 4, "code-base-name": "default", "filename": "moodmelody_web_app/post_process_status.lock", "revision_history": [{"29": "e671d2134b0a727bc90bf0c6a657bba47ba178b6"}]}