{"is_source_file": false, "format": "", "description": "", "external_files": [], "external_methods": [], "published": [], "classes": [], "methods": [], "calls": [], "search-terms": [], "state": 2, "file_id": 11, "knowledge_revision": 30, "git_revision": "00ffeb7e3076664c5c0c82c62f4788bc04f22a04", "hash": "9c4ed7ef73e22b872b8055bec08b8979", "format-version": 4, "code-base-name": "default", "filename": "moodmelody/post_process_status.lock", "revision_history": [{"30": "00ffeb7e3076664c5c0c82c62f4788bc04f22a04"}]}